
Microsoft Visual Studio Solution File, Format Version 12.00
# Visual Studio Version 17
VisualStudioVersion = 17.3.32929.385
MinimumVisualStudioVersion = 10.0.40219.1
Project("{FAE04EC0-301F-11D3-BF4B-00C04F79EFBC}") = "ExcelTableConverter", "ExcelTableConverter.csproj", "{4E51EC19-54C5-40F3-AA49-FD03458769C5}"
EndProject
Global
	GlobalSection(SolutionConfigurationPlatforms) = preSolution
		Debug|Any CPU = Debug|Any CPU
		Release|Any CPU = Release|Any CPU
	EndGlobalSection
	GlobalSection(ProjectConfigurationPlatforms) = postSolution
		{4E51EC19-54C5-40F3-AA49-FD03458769C5}.Debug|Any CPU.ActiveCfg = Debug|Any CPU
		{4E51EC19-54C5-40F3-AA49-FD03458769C5}.Debug|Any CPU.Build.0 = Debug|Any CPU
		{4E51EC19-54C5-40F3-AA49-FD03458769C5}.Release|Any CPU.ActiveCfg = Release|Any CPU
		{4E51EC19-54C5-40F3-AA49-FD03458769C5}.Release|Any CPU.Build.0 = Release|Any CPU
	EndGlobalSection
	GlobalSection(SolutionProperties) = preSolution
		HideSolutionNode = FALSE
	EndGlobalSection
	GlobalSection(ExtensibilityGlobals) = postSolution
		SolutionGuid = {F17664B6-C737-4BBF-A150-9B591BFC1A81}
	EndGlobalSection
EndGlobal
